
Microsoft Visual Studio Solution File, Format Version 12.00
# Visual Studio Version 17
VisualStudioVersion = 17.13.35828.75
MinimumVisualStudioVersion = 10.0.40219.1
Project("{FAE04EC0-301F-11D3-BF4B-00C04F79EFBC}") = "LogisticMobileApp", "LogisticMobileApp\LogisticMobileApp.csproj", "{1DD71D26-9B2C-45D4-BBE6-E1DE73EEAD51}"
EndProject
Project("{2150E333-8FDC-42A3-9474-1A3956D46DE8}") = "Solution Items", "Solution Items", "{36D591C7-65C7-A0D1-1CBC-10CDE441BDC8}"
	ProjectSection(SolutionItems) = preProject
		.editorconfig = .editorconfig
	EndProjectSection
EndProject
Project("{FAE04EC0-301F-11D3-BF4B-00C04F79EFBC}") = "GUI_Tests", "GUI_Tests\GUI_Tests.csproj", "{2F4F047A-3772-4D9E-9ADB-B872E9ACA580}"
EndProject
Project("{FAE04EC0-301F-11D3-BF4B-00C04F79EFBC}") = "Backend_ApiTests", "..\Backend_ApiTests\Backend_ApiTests\Backend_ApiTests.csproj", "{8D181C12-707A-3176-EF4B-2F30C5C4D383}"
EndProject
Global
	GlobalSection(SolutionConfigurationPlatforms) = preSolution
		Debug|Any CPU = Debug|Any CPU
		Release|Any CPU = Release|Any CPU
	EndGlobalSection
	GlobalSection(ProjectConfigurationPlatforms) = postSolution
		{1DD71D26-9B2C-45D4-BBE6-E1DE73EEAD51}.Debug|Any CPU.ActiveCfg = Debug|Any CPU
		{1DD71D26-9B2C-45D4-BBE6-E1DE73EEAD51}.Debug|Any CPU.Build.0 = Debug|Any CPU
		{1DD71D26-9B2C-45D4-BBE6-E1DE73EEAD51}.Debug|Any CPU.Deploy.0 = Debug|Any CPU
		{1DD71D26-9B2C-45D4-BBE6-E1DE73EEAD51}.Release|Any CPU.ActiveCfg = Release|Any CPU
		{1DD71D26-9B2C-45D4-BBE6-E1DE73EEAD51}.Release|Any CPU.Build.0 = Release|Any CPU
		{1DD71D26-9B2C-45D4-BBE6-E1DE73EEAD51}.Release|Any CPU.Deploy.0 = Release|Any CPU
		{2F4F047A-3772-4D9E-9ADB-B872E9ACA580}.Debug|Any CPU.ActiveCfg = Debug|Any CPU
		{2F4F047A-3772-4D9E-9ADB-B872E9ACA580}.Debug|Any CPU.Build.0 = Debug|Any CPU
		{2F4F047A-3772-4D9E-9ADB-B872E9ACA580}.Release|Any CPU.ActiveCfg = Release|Any CPU
		{2F4F047A-3772-4D9E-9ADB-B872E9ACA580}.Release|Any CPU.Build.0 = Release|Any CPU
		{8D181C12-707A-3176-EF4B-2F30C5C4D383}.Debug|Any CPU.ActiveCfg = Debug|Any CPU
		{8D181C12-707A-3176-EF4B-2F30C5C4D383}.Debug|Any CPU.Build.0 = Debug|Any CPU
		{8D181C12-707A-3176-EF4B-2F30C5C4D383}.Release|Any CPU.ActiveCfg = Release|Any CPU
		{8D181C12-707A-3176-EF4B-2F30C5C4D383}.Release|Any CPU.Build.0 = Release|Any CPU
	EndGlobalSection
	GlobalSection(SolutionProperties) = preSolution
		HideSolutionNode = FALSE
	EndGlobalSection
	GlobalSection(ExtensibilityGlobals) = postSolution
		SolutionGuid = {4E9711E5-62A7-4F70-AC65-9026F2B3073F}
	EndGlobalSection
EndGlobal
